
Microsoft Visual Studio Solution File, Format Version 12.00
# Visual Studio Version 16
VisualStudioVersion = 16.0.30204.135
MinimumVisualStudioVersion = 10.0.40219.1
Project("{FAE04EC0-301F-11D3-BF4B-00C04F79EFBC}") = "BN_Update", "BN_Update.csproj", "{EF71C09F-A779-4D27-81E5-6B4BD4CEBEEB}"
EndProject
Global
	GlobalSection(SolutionConfigurationPlatforms) = preSolution
		Debug|Any CPU = Debug|Any CPU
		Release|Any CPU = Release|Any CPU
	EndGlobalSection
	GlobalSection(ProjectConfigurationPlatforms) = postSolution
		{EF71C09F-A779-4D27-81E5-6B4BD4CEBEEB}.Debug|Any CPU.ActiveCfg = Debug|Any CPU
		{EF71C09F-A779-4D27-81E5-6B4BD4CEBEEB}.Debug|Any CPU.Build.0 = Debug|Any CPU
		{EF71C09F-A779-4D27-81E5-6B4BD4CEBEEB}.Release|Any CPU.ActiveCfg = Release|Any CPU
		{EF71C09F-A779-4D27-81E5-6B4BD4CEBEEB}.Release|Any CPU.Build.0 = Release|Any CPU
	EndGlobalSection
	GlobalSection(SolutionProperties) = preSolution
		HideSolutionNode = FALSE
	EndGlobalSection
	GlobalSection(ExtensibilityGlobals) = postSolution
		SolutionGuid = {BC75127B-9080-40FC-96E2-2B0867915BBC}
	EndGlobalSection
EndGlobal
