
Microsoft Visual Studio Solution File, Format Version 12.00
# Visual Studio Version 16
VisualStudioVersion = 16.0.30204.135
MinimumVisualStudioVersion = 10.0.40219.1
Project("{FAE04EC0-301F-11D3-BF4B-00C04F79EFBC}") = "Universal Launcher", "Universal Launcher.csproj", "{A15FBA3E-8172-42BB-B7C9-D4D3A0FA96A4}"
EndProject
Global
	GlobalSection(SolutionConfigurationPlatforms) = preSolution
		Debug|Any CPU = Debug|Any CPU
		Release|Any CPU = Release|Any CPU
	EndGlobalSection
	GlobalSection(ProjectConfigurationPlatforms) = postSolution
		{A15FBA3E-8172-42BB-B7C9-D4D3A0FA96A4}.Debug|Any CPU.ActiveCfg = Debug|Any CPU
		{A15FBA3E-8172-42BB-B7C9-D4D3A0FA96A4}.Debug|Any CPU.Build.0 = Debug|Any CPU
		{A15FBA3E-8172-42BB-B7C9-D4D3A0FA96A4}.Release|Any CPU.ActiveCfg = Release|Any CPU
		{A15FBA3E-8172-42BB-B7C9-D4D3A0FA96A4}.Release|Any CPU.Build.0 = Release|Any CPU
	EndGlobalSection
	GlobalSection(SolutionProperties) = preSolution
		HideSolutionNode = FALSE
	EndGlobalSection
	GlobalSection(ExtensibilityGlobals) = postSolution
		SolutionGuid = {DEAFA15A-BFBF-499A-8455-B27F570EF8DB}
	EndGlobalSection
EndGlobal
